
Microsoft Visual Studio Solution File, Format Version 12.00
# Visual Studio Version 16
VisualStudioVersion = 16.0.31321.278
MinimumVisualStudioVersion = 10.0.40219.1
Project("{8BC9CEB8-8B4A-11D0-8D11-00A0C91BC942}") = "NotacionesDeber", "Pilas.vcxproj", "{529970C2-5593-4661-8E25-A320E619AFCB}"
EndProject
Project("{8BC9CEB8-8B4A-11D0-8D11-00A0C91BC942}") = "UnitTest1", "UnitTest1\UnitTest1.vcxproj", "{94633BC7-A232-4F13-90E0-629174843531}"
EndProject
Global
	GlobalSection(SolutionConfigurationPlatforms) = preSolution
		Debug|x64 = Debug|x64
		Debug|x86 = Debug|x86
		Release|x64 = Release|x64
		Release|x86 = Release|x86
	EndGlobalSection
	GlobalSection(ProjectConfigurationPlatforms) = postSolution
		{529970C2-5593-4661-8E25-A320E619AFCB}.Debug|x64.ActiveCfg = Debug|x64
		{529970C2-5593-4661-8E25-A320E619AFCB}.Debug|x64.Build.0 = Debug|x64
		{529970C2-5593-4661-8E25-A320E619AFCB}.Debug|x86.ActiveCfg = Debug|Win32
		{529970C2-5593-4661-8E25-A320E619AFCB}.Debug|x86.Build.0 = Debug|Win32
		{529970C2-5593-4661-8E25-A320E619AFCB}.Release|x64.ActiveCfg = Release|x64
		{529970C2-5593-4661-8E25-A320E619AFCB}.Release|x64.Build.0 = Release|x64
		{529970C2-5593-4661-8E25-A320E619AFCB}.Release|x86.ActiveCfg = Release|Win32
		{529970C2-5593-4661-8E25-A320E619AFCB}.Release|x86.Build.0 = Release|Win32
		{94633BC7-A232-4F13-90E0-629174843531}.Debug|x64.ActiveCfg = Debug|x64
		{94633BC7-A232-4F13-90E0-629174843531}.Debug|x64.Build.0 = Debug|x64
		{94633BC7-A232-4F13-90E0-629174843531}.Debug|x86.ActiveCfg = Debug|Win32
		{94633BC7-A232-4F13-90E0-629174843531}.Debug|x86.Build.0 = Debug|Win32
		{94633BC7-A232-4F13-90E0-629174843531}.Release|x64.ActiveCfg = Release|x64
		{94633BC7-A232-4F13-90E0-629174843531}.Release|x64.Build.0 = Release|x64
		{94633BC7-A232-4F13-90E0-629174843531}.Release|x86.ActiveCfg = Release|Win32
		{94633BC7-A232-4F13-90E0-629174843531}.Release|x86.Build.0 = Release|Win32
	EndGlobalSection
	GlobalSection(SolutionProperties) = preSolution
		HideSolutionNode = FALSE
	EndGlobalSection
	GlobalSection(ExtensibilityGlobals) = postSolution
		SolutionGuid = {EA4D5A85-B512-46A2-8144-2AE978C36169}
	EndGlobalSection
EndGlobal
