
Microsoft Visual Studio Solution File, Format Version 12.00
# Visual Studio Version 16
VisualStudioVersion = 16.0.31313.79
MinimumVisualStudioVersion = 10.0.40219.1
Project("{8BC9CEB8-8B4A-11D0-8D11-00A0C91BC942}") = "CuboLatino", "CuboLatino.vcxproj", "{583BD765-8942-4739-9B67-E2161E80495D}"
EndProject
Project("{8BC9CEB8-8B4A-11D0-8D11-00A0C91BC942}") = "UnitTest1", "UnitTest1\UnitTest1.vcxproj", "{6634F74D-CB78-4F68-A1D6-AA91E885963D}"
EndProject
Global
	GlobalSection(SolutionConfigurationPlatforms) = preSolution
		Debug|x64 = Debug|x64
		Debug|x86 = Debug|x86
		Release|x64 = Release|x64
		Release|x86 = Release|x86
	EndGlobalSection
	GlobalSection(ProjectConfigurationPlatforms) = postSolution
		{583BD765-8942-4739-9B67-E2161E80495D}.Debug|x64.ActiveCfg = Debug|x64
		{583BD765-8942-4739-9B67-E2161E80495D}.Debug|x64.Build.0 = Debug|x64
		{583BD765-8942-4739-9B67-E2161E80495D}.Debug|x86.ActiveCfg = Debug|Win32
		{583BD765-8942-4739-9B67-E2161E80495D}.Debug|x86.Build.0 = Debug|Win32
		{583BD765-8942-4739-9B67-E2161E80495D}.Release|x64.ActiveCfg = Release|x64
		{583BD765-8942-4739-9B67-E2161E80495D}.Release|x64.Build.0 = Release|x64
		{583BD765-8942-4739-9B67-E2161E80495D}.Release|x86.ActiveCfg = Release|Win32
		{583BD765-8942-4739-9B67-E2161E80495D}.Release|x86.Build.0 = Release|Win32
		{6634F74D-CB78-4F68-A1D6-AA91E885963D}.Debug|x64.ActiveCfg = Debug|x64
		{6634F74D-CB78-4F68-A1D6-AA91E885963D}.Debug|x64.Build.0 = Debug|x64
		{6634F74D-CB78-4F68-A1D6-AA91E885963D}.Debug|x86.ActiveCfg = Debug|Win32
		{6634F74D-CB78-4F68-A1D6-AA91E885963D}.Debug|x86.Build.0 = Debug|Win32
		{6634F74D-CB78-4F68-A1D6-AA91E885963D}.Release|x64.ActiveCfg = Release|x64
		{6634F74D-CB78-4F68-A1D6-AA91E885963D}.Release|x64.Build.0 = Release|x64
		{6634F74D-CB78-4F68-A1D6-AA91E885963D}.Release|x86.ActiveCfg = Release|Win32
		{6634F74D-CB78-4F68-A1D6-AA91E885963D}.Release|x86.Build.0 = Release|Win32
	EndGlobalSection
	GlobalSection(SolutionProperties) = preSolution
		HideSolutionNode = FALSE
	EndGlobalSection
	GlobalSection(ExtensibilityGlobals) = postSolution
		SolutionGuid = {8F156A14-2EA2-49CE-B89A-8C69B8237050}
	EndGlobalSection
EndGlobal
