
Microsoft Visual Studio Solution File, Format Version 12.00
# Visual Studio Version 16
VisualStudioVersion = 16.0.31410.357
MinimumVisualStudioVersion = 10.0.40219.1
Project("{8BC9CEB8-8B4A-11D0-8D11-00A0C91BC942}") = "UnitTest1", "UnitTest1\UnitTest1.vcxproj", "{54465838-99BC-4B8E-9936-EB0EBA0907A1}"
EndProject
Global
	GlobalSection(SolutionConfigurationPlatforms) = preSolution
		Debug|x64 = Debug|x64
		Debug|x86 = Debug|x86
		Release|x64 = Release|x64
		Release|x86 = Release|x86
	EndGlobalSection
	GlobalSection(ProjectConfigurationPlatforms) = postSolution
		{54465838-99BC-4B8E-9936-EB0EBA0907A1}.Debug|x64.ActiveCfg = Debug|x64
		{54465838-99BC-4B8E-9936-EB0EBA0907A1}.Debug|x64.Build.0 = Debug|x64
		{54465838-99BC-4B8E-9936-EB0EBA0907A1}.Debug|x86.ActiveCfg = Debug|Win32
		{54465838-99BC-4B8E-9936-EB0EBA0907A1}.Debug|x86.Build.0 = Debug|Win32
		{54465838-99BC-4B8E-9936-EB0EBA0907A1}.Release|x64.ActiveCfg = Release|x64
		{54465838-99BC-4B8E-9936-EB0EBA0907A1}.Release|x64.Build.0 = Release|x64
		{54465838-99BC-4B8E-9936-EB0EBA0907A1}.Release|x86.ActiveCfg = Release|Win32
		{54465838-99BC-4B8E-9936-EB0EBA0907A1}.Release|x86.Build.0 = Release|Win32
	EndGlobalSection
	GlobalSection(SolutionProperties) = preSolution
		HideSolutionNode = FALSE
	EndGlobalSection
	GlobalSection(ExtensibilityGlobals) = postSolution
		SolutionGuid = {5425ABB2-5BDD-43FE-A30D-DBAF0490DFFD}
	EndGlobalSection
EndGlobal
